<?xml version="1.0" encoding="utf-8"?>
<Project ToolsVersion="4.0" xmlns="http://schemas.microsoft.com/developer/msbuild/2003">
  <ItemGroup>
    <Filter Include="Game">
      <UniqueIdentifier>{0F00B343-33A4-46BB-BB71-6E16E76FE59B}</UniqueIdentifier>
    </Filter>
  </ItemGroup>
  <ItemGroup>
    <ClCompile Include="Game/Demo/3D/Actor/DemoCamera/DemoCameraPivot.cpp">
      <Filter>Game</Filter>
    </ClCompile>
    <ClCompile Include="Game/Demo/3D/Actor/DemoPlayer/DemoPlayer.cpp">
      <Filter>Game</Filter>
    </ClCompile>
    <ClCompile Include="Game/Demo/3D/Actor/DemoPlayer/DemoPlayerMotor.cpp">
      <Filter>Game</Filter>
    </ClCompile>
    <ClCompile Include="Game/Demo/3D/Actor/DemoPlayer/Weapon/Weapon.cpp">
      <Filter>Game</Filter>
    </ClCompile>
    <ClCompile Include="Game/Demo/Input/PlayerInput.cpp">
      <Filter>Game</Filter>
    </ClCompile>
    <ClCompile Include="Game/Demo/Scene/DemoScene/DemoScene.cpp">
      <Filter>Game</Filter>
    </ClCompile>
    <ClCompile Include="Game/Demo/Scene/Utility/SceneTypeUtil.cpp">
      <Filter>Game</Filter>
    </ClCompile>
    <ClCompile Include="Game/GameApplication.cpp">
      <Filter>Game</Filter>
    </ClCompile>
    <ClCompile Include="Game/GameMain.cpp">
      <Filter>Game</Filter>
    </ClCompile>
    <ClCompile Include="Game/GameObjectRegistry.generated.cpp">
      <Filter>Game</Filter>
    </ClCompile>
    <ClCompile Include="Game\Player\Player.cpp" />
    <ClCompile Include="Game\Player\PlayerMotor.cpp" />
    <ClCompile Include="Game\Player\Sword\Sword.cpp" />
    <ClCompile Include="Game\Enemy\BaseEnemy.cpp" />
    <ClCompile Include="Game\Enemy\Movement\HomingMove.cpp" />
    <ClCompile Include="Game\Enemy\Enemies\Slime.cpp" />
    <ClCompile Include="Game\Scene\PlayerTestScene\PlayerTestScene.cpp" />
    <ClCompile Include="Game\Player\PlayerDodge.cpp" />
    <ClCompile Include="Game\Player\Clone\Clone.cpp" />
    <ClCompile Include="Game\Player\Ability\PlayerAbility.cpp" />
    <ClCompile Include="Game\Player\Base\PlayerBase.cpp" />
    <ClCompile Include="Game\Player\Attack\PlayerAttack.cpp" />
    <ClCompile Include="Game\Enemy\Enemies\HeavySlime.cpp" />
  </ItemGroup>
  <ItemGroup>
    <ClInclude Include="Game\Player\Ability\PlayerAbility.h" />
    <ClInclude Include="Game\Player\Base\PlayerBase.h" />
    <ClInclude Include="Game\Player\Attack\PlayerAttack.h" />
  </ItemGroup>
</Project>